
Microsoft Visual Studio Solution File, Format Version 12.00
# Visual Studio Version 16
VisualStudioVersion = 16.0.29806.167
MinimumVisualStudioVersion = 10.0.40219.1
Project("{8BC9CEB8-8B4A-11D0-8D11-00A0C91BC942}") = "CaesarCipher", "CaesarCipher.vcxproj", "{0D7803EE-7BAC-4575-A699-E0CDDAD42FC2}"
EndProject
Global
	GlobalSection(SolutionConfigurationPlatforms) = preSolution
		Debug|x64 = Debug|x64
		Debug|x86 = Debug|x86
		Release|x64 = Release|x64
		Release|x86 = Release|x86
	EndGlobalSection
	GlobalSection(ProjectConfigurationPlatforms) = postSolution
		{0D7803EE-7BAC-4575-A699-E0CDDAD42FC2}.Debug|x64.ActiveCfg = Debug|x64
		{0D7803EE-7BAC-4575-A699-E0CDDAD42FC2}.Debug|x64.Build.0 = Debug|x64
		{0D7803EE-7BAC-4575-A699-E0CDDAD42FC2}.Debug|x86.ActiveCfg = Debug|Win32
		{0D7803EE-7BAC-4575-A699-E0CDDAD42FC2}.Debug|x86.Build.0 = Debug|Win32
		{0D7803EE-7BAC-4575-A699-E0CDDAD42FC2}.Release|x64.ActiveCfg = Release|x64
		{0D7803EE-7BAC-4575-A699-E0CDDAD42FC2}.Release|x64.Build.0 = Release|x64
		{0D7803EE-7BAC-4575-A699-E0CDDAD42FC2}.Release|x86.ActiveCfg = Release|Win32
		{0D7803EE-7BAC-4575-A699-E0CDDAD42FC2}.Release|x86.Build.0 = Release|Win32
	EndGlobalSection
	GlobalSection(SolutionProperties) = preSolution
		HideSolutionNode = FALSE
	EndGlobalSection
	GlobalSection(ExtensibilityGlobals) = postSolution
		SolutionGuid = {5B308ACC-511E-4784-9123-5791DF8209A7}
	EndGlobalSection
EndGlobal
